
Microsoft Visual Studio Solution File, Format Version 12.00
# Visual Studio Version 17
VisualStudioVersion = 17.13.35931.197 d17.13
MinimumVisualStudioVersion = 10.0.40219.1
Project("{FAE04EC0-301F-11D3-BF4B-00C04F79EFBC}") = "BlogShare.Web", "BlogShare.Web.csproj", "{14E2DFAD-5717-43D2-9DEE-06523CE2461A}"
EndProject
Global
	GlobalSection(SolutionConfigurationPlatforms) = preSolution
		Debug|Any CPU = Debug|Any CPU
		Release|Any CPU = Release|Any CPU
	EndGlobalSection
	GlobalSection(ProjectConfigurationPlatforms) = postSolution
		{14E2DFAD-5717-43D2-9DEE-06523CE2461A}.Debug|Any CPU.ActiveCfg = Debug|Any CPU
		{14E2DFAD-5717-43D2-9DEE-06523CE2461A}.Debug|Any CPU.Build.0 = Debug|Any CPU
		{14E2DFAD-5717-43D2-9DEE-06523CE2461A}.Release|Any CPU.ActiveCfg = Release|Any CPU
		{14E2DFAD-5717-43D2-9DEE-06523CE2461A}.Release|Any CPU.Build.0 = Release|Any CPU
	EndGlobalSection
	GlobalSection(SolutionProperties) = preSolution
		HideSolutionNode = FALSE
	EndGlobalSection
	GlobalSection(ExtensibilityGlobals) = postSolution
		SolutionGuid = {17997632-773B-4941-A3A3-9FCFA5E53BAE}
	EndGlobalSection
EndGlobal
